
Microsoft Visual Studio Solution File, Format Version 12.00
# Visual Studio Version 16
VisualStudioVersion = 16.0.30406.217
MinimumVisualStudioVersion = 10.0.40219.1
Project("{FAE04EC0-301F-11D3-BF4B-00C04F79EFBC}") = "PsHelloAzure", "PsHelloAzure\PsHelloAzure.csproj", "{097C75E1-F85E-4407-A8AE-9AED92131206}"
EndProject
Global
	GlobalSection(SolutionConfigurationPlatforms) = preSolution
		Debug|Any CPU = Debug|Any CPU
		Release|Any CPU = Release|Any CPU
	EndGlobalSection
	GlobalSection(ProjectConfigurationPlatforms) = postSolution
		{097C75E1-F85E-4407-A8AE-9AED92131206}.Debug|Any CPU.ActiveCfg = Debug|Any CPU
		{097C75E1-F85E-4407-A8AE-9AED92131206}.Debug|Any CPU.Build.0 = Debug|Any CPU
		{097C75E1-F85E-4407-A8AE-9AED92131206}.Release|Any CPU.ActiveCfg = Release|Any CPU
		{097C75E1-F85E-4407-A8AE-9AED92131206}.Release|Any CPU.Build.0 = Release|Any CPU
	EndGlobalSection
	GlobalSection(SolutionProperties) = preSolution
		HideSolutionNode = FALSE
	EndGlobalSection
	GlobalSection(ExtensibilityGlobals) = postSolution
		SolutionGuid = {3B0821B0-15C2-43AD-9B54-ECEC04EE524C}
	EndGlobalSection
EndGlobal
